{
  "name": "tem",
  "lockfileVersion": 3,
  "requires": true,
  "packages": {
    "": {
      "dependencies": {
        "olovaplugin": "^1.0.1"
      }
    },
    "node_modules/olovaplugin": {
      "version": "1.0.1",
      "resolved": "https://registry.npmjs.org/olovaplugin/-/olovaplugin-1.0.1.tgz",
      "integrity": "sha512-RXT4RUVqZCrrPGbLFg7DWkIkM4c0l3P4SyuGCFzo02vDTdOnkjF3donXxSzuOtKabXMIQdjpa3ttTHS/P9Ro5w==",
      "license": "MIT"
    }
  }
}
